
Microsoft Visual Studio Solution File, Format Version 12.00
# Visual Studio Version 16
VisualStudioVersion = 16.0.31129.286
MinimumVisualStudioVersion = 10.0.40219.1
Project("{9A19103F-16F7-4668-BE54-9A1E7A4F7556}") = "check_tcp_state", "check_tcp_state\check_tcp_state.csproj", "{5943089E-81B6-4120-B25F-CC6B6C4A34CF}"
EndProject
Global
	GlobalSection(SolutionConfigurationPlatforms) = preSolution
		Debug|Any CPU = Debug|Any CPU
		Release|Any CPU = Release|Any CPU
	EndGlobalSection
	GlobalSection(ProjectConfigurationPlatforms) = postSolution
		{5943089E-81B6-4120-B25F-CC6B6C4A34CF}.Debug|Any CPU.ActiveCfg = Debug|Any CPU
		{5943089E-81B6-4120-B25F-CC6B6C4A34CF}.Debug|Any CPU.Build.0 = Debug|Any CPU
		{5943089E-81B6-4120-B25F-CC6B6C4A34CF}.Release|Any CPU.ActiveCfg = Release|Any CPU
		{5943089E-81B6-4120-B25F-CC6B6C4A34CF}.Release|Any CPU.Build.0 = Release|Any CPU
	EndGlobalSection
	GlobalSection(SolutionProperties) = preSolution
		HideSolutionNode = FALSE
	EndGlobalSection
	GlobalSection(ExtensibilityGlobals) = postSolution
		SolutionGuid = {C5AB8D2C-66E1-454E-AD27-7E28F986ED6D}
	EndGlobalSection
EndGlobal
